
Microsoft Visual Studio Solution File, Format Version 12.00
# Visual Studio Version 16
VisualStudioVersion = 16.0.29020.237
MinimumVisualStudioVersion = 10.0.40219.1
Project("{FAE04EC0-301F-11D3-BF4B-00C04F79EFBC}") = "FinalProject", "FinalProject\FinalProject.csproj", "{74E3971D-F4F9-41C3-9488-763DF0875669}"
EndProject
Global
	GlobalSection(SolutionConfigurationPlatforms) = preSolution
		Debug|Any CPU = Debug|Any CPU
		Release|Any CPU = Release|Any CPU
	EndGlobalSection
	GlobalSection(ProjectConfigurationPlatforms) = postSolution
		{74E3971D-F4F9-41C3-9488-763DF0875669}.Debug|Any CPU.ActiveCfg = Debug|Any CPU
		{74E3971D-F4F9-41C3-9488-763DF0875669}.Debug|Any CPU.Build.0 = Debug|Any CPU
		{74E3971D-F4F9-41C3-9488-763DF0875669}.Release|Any CPU.ActiveCfg = Release|Any CPU
		{74E3971D-F4F9-41C3-9488-763DF0875669}.Release|Any CPU.Build.0 = Release|Any CPU
	EndGlobalSection
	GlobalSection(SolutionProperties) = preSolution
		HideSolutionNode = FALSE
	EndGlobalSection
	GlobalSection(ExtensibilityGlobals) = postSolution
		SolutionGuid = {A6EF4AE0-C6AB-42BE-BFF0-3C9F299B9F6E}
	EndGlobalSection
EndGlobal
