
Microsoft Visual Studio Solution File, Format Version 12.00
# Visual Studio Version 16
VisualStudioVersion = 16.0.29806.167
MinimumVisualStudioVersion = 10.0.40219.1
Project("{9A19103F-16F7-4668-BE54-9A1E7A4F7556}") = "Greenwell", "Greenwell.csproj", "{7AF89CE5-4175-428D-B502-04857913C46E}"
EndProject
Project("{9A19103F-16F7-4668-BE54-9A1E7A4F7556}") = "Greenwell.Data", "..\Greenwell.Data\Greenwell.Data.csproj", "{4FF9F47A-8EA8-4E26-87A7-25502C00BAE2}"
EndProject
Global
	GlobalSection(SolutionConfigurationPlatforms) = preSolution
		Debug|Any CPU = Debug|Any CPU
		Release|Any CPU = Release|Any CPU
	EndGlobalSection
	GlobalSection(ProjectConfigurationPlatforms) = postSolution
		{7AF89CE5-4175-428D-B502-04857913C46E}.Debug|Any CPU.ActiveCfg = Debug|Any CPU
		{7AF89CE5-4175-428D-B502-04857913C46E}.Debug|Any CPU.Build.0 = Debug|Any CPU
		{7AF89CE5-4175-428D-B502-04857913C46E}.Release|Any CPU.ActiveCfg = Release|Any CPU
		{7AF89CE5-4175-428D-B502-04857913C46E}.Release|Any CPU.Build.0 = Release|Any CPU
		{4FF9F47A-8EA8-4E26-87A7-25502C00BAE2}.Debug|Any CPU.ActiveCfg = Debug|Any CPU
		{4FF9F47A-8EA8-4E26-87A7-25502C00BAE2}.Debug|Any CPU.Build.0 = Debug|Any CPU
		{4FF9F47A-8EA8-4E26-87A7-25502C00BAE2}.Release|Any CPU.ActiveCfg = Release|Any CPU
		{4FF9F47A-8EA8-4E26-87A7-25502C00BAE2}.Release|Any CPU.Build.0 = Release|Any CPU
	EndGlobalSection
	GlobalSection(SolutionProperties) = preSolution
		HideSolutionNode = FALSE
	EndGlobalSection
	GlobalSection(ExtensibilityGlobals) = postSolution
		SolutionGuid = {2185AB33-9380-4D9E-824D-0D19B7F0BA71}
	EndGlobalSection
EndGlobal
