
Microsoft Visual Studio Solution File, Format Version 12.00
# Visual Studio Version 16
VisualStudioVersion = 16.0.29709.97
MinimumVisualStudioVersion = 10.0.40219.1
Project("{9A19103F-16F7-4668-BE54-9A1E7A4F7556}") = "Greenwell", "Greenwell.csproj", "{C792D838-655B-4516-95DF-B02EACB26D23}"
EndProject
Project("{FAE04EC0-301F-11D3-BF4B-00C04F79EFBC}") = "Greenwell.Data", "..\Greenwell.Data\Greenwell.Data.csproj", "{50121061-C6D6-404D-928B-FF5FD7D81207}"
EndProject
Global
	GlobalSection(SolutionConfigurationPlatforms) = preSolution
		Debug|Any CPU = Debug|Any CPU
		Release|Any CPU = Release|Any CPU
	EndGlobalSection
	GlobalSection(ProjectConfigurationPlatforms) = postSolution
		{C792D838-655B-4516-95DF-B02EACB26D23}.Debug|Any CPU.ActiveCfg = Debug|Any CPU
		{C792D838-655B-4516-95DF-B02EACB26D23}.Debug|Any CPU.Build.0 = Debug|Any CPU
		{C792D838-655B-4516-95DF-B02EACB26D23}.Release|Any CPU.ActiveCfg = Release|Any CPU
		{C792D838-655B-4516-95DF-B02EACB26D23}.Release|Any CPU.Build.0 = Release|Any CPU
		{50121061-C6D6-404D-928B-FF5FD7D81207}.Debug|Any CPU.ActiveCfg = Debug|Any CPU
		{50121061-C6D6-404D-928B-FF5FD7D81207}.Debug|Any CPU.Build.0 = Debug|Any CPU
		{50121061-C6D6-404D-928B-FF5FD7D81207}.Release|Any CPU.ActiveCfg = Release|Any CPU
		{50121061-C6D6-404D-928B-FF5FD7D81207}.Release|Any CPU.Build.0 = Release|Any CPU
	EndGlobalSection
	GlobalSection(SolutionProperties) = preSolution
		HideSolutionNode = FALSE
	EndGlobalSection
	GlobalSection(ExtensibilityGlobals) = postSolution
		SolutionGuid = {39C6BDC0-58FC-46A2-9459-8EF73BC76899}
	EndGlobalSection
EndGlobal
